<?xml version="1.0" encoding="UTF-8"?>
<CodeBlocks_project_file>
	<FileVersion major="1" minor="6"/>
	<Project>
		<Option title="zookeeper"/>
		<Option makefile_is_custom="1"/>
		<Option compiler="gcc"/>
		<Option virtualFolders="CMake Files\;"/>
		<Build>
			<Target title="all">
				<Option working_dir="/home/jaime/code/yedis/lib/zookeeper-client-c"/>
				<Option type="4"/>
				<MakeCommands>
					<Build command="/usr/bin/make -f &quot;/home/jaime/code/yedis/lib/zookeeper-client-c/Makefile&quot;  VERBOSE=1 all"/>
					<CompileFile command="/usr/bin/make -f &quot;/home/jaime/code/yedis/lib/zookeeper-client-c/Makefile&quot;  VERBOSE=1 &quot;$file&quot;"/>
					<Clean command="/usr/bin/make -f &quot;/home/jaime/code/yedis/lib/zookeeper-client-c/Makefile&quot;  VERBOSE=1 clean"/>
					<DistClean command="/usr/bin/make -f &quot;/home/jaime/code/yedis/lib/zookeeper-client-c/Makefile&quot;  VERBOSE=1 clean"/>
				</MakeCommands>
			</Target>
			<Target title="edit_cache">
				<Option working_dir="/home/jaime/code/yedis/lib/zookeeper-client-c"/>
				<Option type="4"/>
				<MakeCommands>
					<Build command="/usr/bin/make -f &quot;/home/jaime/code/yedis/lib/zookeeper-client-c/Makefile&quot;  VERBOSE=1 edit_cache"/>
					<CompileFile command="/usr/bin/make -f &quot;/home/jaime/code/yedis/lib/zookeeper-client-c/Makefile&quot;  VERBOSE=1 &quot;$file&quot;"/>
					<Clean command="/usr/bin/make -f &quot;/home/jaime/code/yedis/lib/zookeeper-client-c/Makefile&quot;  VERBOSE=1 clean"/>
					<DistClean command="/usr/bin/make -f &quot;/home/jaime/code/yedis/lib/zookeeper-client-c/Makefile&quot;  VERBOSE=1 clean"/>
				</MakeCommands>
			</Target>
			<Target title="hashtable">
				<Option output="/home/jaime/code/yedis/lib/zookeeper-client-c/libhashtable.a" prefix_auto="0" extension_auto="0"/>
				<Option working_dir="/home/jaime/code/yedis/lib/zookeeper-client-c"/>
				<Option object_output="./"/>
				<Option type="2"/>
				<Option compiler="gcc"/>
				<Compiler>
					<Add option="-DUSE_STATIC_LIB"/>
					<Add option="-DTHREADED"/>
					<Add directory="/home/jaime/code/yedis/lib/zookeeper-client-c/include"/>
				</Compiler>
				<MakeCommands>
					<Build command="/usr/bin/make -f &quot;/home/jaime/code/yedis/lib/zookeeper-client-c/Makefile&quot;  VERBOSE=1 hashtable"/>
					<CompileFile command="/usr/bin/make -f &quot;/home/jaime/code/yedis/lib/zookeeper-client-c/Makefile&quot;  VERBOSE=1 &quot;$file&quot;"/>
					<Clean command="/usr/bin/make -f &quot;/home/jaime/code/yedis/lib/zookeeper-client-c/Makefile&quot;  VERBOSE=1 clean"/>
					<DistClean command="/usr/bin/make -f &quot;/home/jaime/code/yedis/lib/zookeeper-client-c/Makefile&quot;  VERBOSE=1 clean"/>
				</MakeCommands>
			</Target>
			<Target title="hashtable/fast">
				<Option output="/home/jaime/code/yedis/lib/zookeeper-client-c/libhashtable.a" prefix_auto="0" extension_auto="0"/>
				<Option working_dir="/home/jaime/code/yedis/lib/zookeeper-client-c"/>
				<Option object_output="./"/>
				<Option type="2"/>
				<Option compiler="gcc"/>
				<Compiler>
					<Add option="-DUSE_STATIC_LIB"/>
					<Add option="-DTHREADED"/>
					<Add directory="/home/jaime/code/yedis/lib/zookeeper-client-c/include"/>
				</Compiler>
				<MakeCommands>
					<Build command="/usr/bin/make -f &quot;/home/jaime/code/yedis/lib/zookeeper-client-c/Makefile&quot;  VERBOSE=1 hashtable/fast"/>
					<CompileFile command="/usr/bin/make -f &quot;/home/jaime/code/yedis/lib/zookeeper-client-c/Makefile&quot;  VERBOSE=1 &quot;$file&quot;"/>
					<Clean command="/usr/bin/make -f &quot;/home/jaime/code/yedis/lib/zookeeper-client-c/Makefile&quot;  VERBOSE=1 clean"/>
					<DistClean command="/usr/bin/make -f &quot;/home/jaime/code/yedis/lib/zookeeper-client-c/Makefile&quot;  VERBOSE=1 clean"/>
				</MakeCommands>
			</Target>
			<Target title="rebuild_cache">
				<Option working_dir="/home/jaime/code/yedis/lib/zookeeper-client-c"/>
				<Option type="4"/>
				<MakeCommands>
					<Build command="/usr/bin/make -f &quot;/home/jaime/code/yedis/lib/zookeeper-client-c/Makefile&quot;  VERBOSE=1 rebuild_cache"/>
					<CompileFile command="/usr/bin/make -f &quot;/home/jaime/code/yedis/lib/zookeeper-client-c/Makefile&quot;  VERBOSE=1 &quot;$file&quot;"/>
					<Clean command="/usr/bin/make -f &quot;/home/jaime/code/yedis/lib/zookeeper-client-c/Makefile&quot;  VERBOSE=1 clean"/>
					<DistClean command="/usr/bin/make -f &quot;/home/jaime/code/yedis/lib/zookeeper-client-c/Makefile&quot;  VERBOSE=1 clean"/>
				</MakeCommands>
			</Target>
			<Target title="zookeeper">
				<Option output="/home/jaime/code/yedis/lib/zookeeper-client-c/libzookeeper.a" prefix_auto="0" extension_auto="0"/>
				<Option working_dir="/home/jaime/code/yedis/lib/zookeeper-client-c"/>
				<Option object_output="./"/>
				<Option type="2"/>
				<Option compiler="gcc"/>
				<Compiler>
					<Add option="-DUSE_STATIC_LIB"/>
					<Add option="-DTHREADED"/>
					<Add directory="/home/jaime/code/yedis/lib/zookeeper-client-c/include"/>
					<Add directory="/home/jaime/code/yedis/lib/zookeeper-client-c/generated"/>
				</Compiler>
				<MakeCommands>
					<Build command="/usr/bin/make -f &quot;/home/jaime/code/yedis/lib/zookeeper-client-c/Makefile&quot;  VERBOSE=1 zookeeper"/>
					<CompileFile command="/usr/bin/make -f &quot;/home/jaime/code/yedis/lib/zookeeper-client-c/Makefile&quot;  VERBOSE=1 &quot;$file&quot;"/>
					<Clean command="/usr/bin/make -f &quot;/home/jaime/code/yedis/lib/zookeeper-client-c/Makefile&quot;  VERBOSE=1 clean"/>
					<DistClean command="/usr/bin/make -f &quot;/home/jaime/code/yedis/lib/zookeeper-client-c/Makefile&quot;  VERBOSE=1 clean"/>
				</MakeCommands>
			</Target>
			<Target title="zookeeper/fast">
				<Option output="/home/jaime/code/yedis/lib/zookeeper-client-c/libzookeeper.a" prefix_auto="0" extension_auto="0"/>
				<Option working_dir="/home/jaime/code/yedis/lib/zookeeper-client-c"/>
				<Option object_output="./"/>
				<Option type="2"/>
				<Option compiler="gcc"/>
				<Compiler>
					<Add option="-DUSE_STATIC_LIB"/>
					<Add option="-DTHREADED"/>
					<Add directory="/home/jaime/code/yedis/lib/zookeeper-client-c/include"/>
					<Add directory="/home/jaime/code/yedis/lib/zookeeper-client-c/generated"/>
				</Compiler>
				<MakeCommands>
					<Build command="/usr/bin/make -f &quot;/home/jaime/code/yedis/lib/zookeeper-client-c/Makefile&quot;  VERBOSE=1 zookeeper/fast"/>
					<CompileFile command="/usr/bin/make -f &quot;/home/jaime/code/yedis/lib/zookeeper-client-c/Makefile&quot;  VERBOSE=1 &quot;$file&quot;"/>
					<Clean command="/usr/bin/make -f &quot;/home/jaime/code/yedis/lib/zookeeper-client-c/Makefile&quot;  VERBOSE=1 clean"/>
					<DistClean command="/usr/bin/make -f &quot;/home/jaime/code/yedis/lib/zookeeper-client-c/Makefile&quot;  VERBOSE=1 clean"/>
				</MakeCommands>
			</Target>
			<Target title="cli">
				<Option output="/home/jaime/code/yedis/lib/zookeeper-client-c/cli" prefix_auto="0" extension_auto="0"/>
				<Option working_dir="/home/jaime/code/yedis/lib/zookeeper-client-c"/>
				<Option object_output="./"/>
				<Option type="1"/>
				<Option compiler="gcc"/>
				<Compiler>
					<Add option="-DUSE_STATIC_LIB"/>
					<Add option="-DTHREADED"/>
					<Add directory="/home/jaime/code/yedis/lib/zookeeper-client-c/include"/>
					<Add directory="/home/jaime/code/yedis/lib/zookeeper-client-c/generated"/>
				</Compiler>
				<MakeCommands>
					<Build command="/usr/bin/make -f &quot;/home/jaime/code/yedis/lib/zookeeper-client-c/Makefile&quot;  VERBOSE=1 cli"/>
					<CompileFile command="/usr/bin/make -f &quot;/home/jaime/code/yedis/lib/zookeeper-client-c/Makefile&quot;  VERBOSE=1 &quot;$file&quot;"/>
					<Clean command="/usr/bin/make -f &quot;/home/jaime/code/yedis/lib/zookeeper-client-c/Makefile&quot;  VERBOSE=1 clean"/>
					<DistClean command="/usr/bin/make -f &quot;/home/jaime/code/yedis/lib/zookeeper-client-c/Makefile&quot;  VERBOSE=1 clean"/>
				</MakeCommands>
			</Target>
			<Target title="cli/fast">
				<Option output="/home/jaime/code/yedis/lib/zookeeper-client-c/cli" prefix_auto="0" extension_auto="0"/>
				<Option working_dir="/home/jaime/code/yedis/lib/zookeeper-client-c"/>
				<Option object_output="./"/>
				<Option type="1"/>
				<Option compiler="gcc"/>
				<Compiler>
					<Add option="-DUSE_STATIC_LIB"/>
					<Add option="-DTHREADED"/>
					<Add directory="/home/jaime/code/yedis/lib/zookeeper-client-c/include"/>
					<Add directory="/home/jaime/code/yedis/lib/zookeeper-client-c/generated"/>
				</Compiler>
				<MakeCommands>
					<Build command="/usr/bin/make -f &quot;/home/jaime/code/yedis/lib/zookeeper-client-c/Makefile&quot;  VERBOSE=1 cli/fast"/>
					<CompileFile command="/usr/bin/make -f &quot;/home/jaime/code/yedis/lib/zookeeper-client-c/Makefile&quot;  VERBOSE=1 &quot;$file&quot;"/>
					<Clean command="/usr/bin/make -f &quot;/home/jaime/code/yedis/lib/zookeeper-client-c/Makefile&quot;  VERBOSE=1 clean"/>
					<DistClean command="/usr/bin/make -f &quot;/home/jaime/code/yedis/lib/zookeeper-client-c/Makefile&quot;  VERBOSE=1 clean"/>
				</MakeCommands>
			</Target>
			<Target title="load_gen">
				<Option output="/home/jaime/code/yedis/lib/zookeeper-client-c/load_gen" prefix_auto="0" extension_auto="0"/>
				<Option working_dir="/home/jaime/code/yedis/lib/zookeeper-client-c"/>
				<Option object_output="./"/>
				<Option type="1"/>
				<Option compiler="gcc"/>
				<Compiler>
					<Add option="-DUSE_STATIC_LIB"/>
					<Add option="-DTHREADED"/>
					<Add directory="/home/jaime/code/yedis/lib/zookeeper-client-c/include"/>
					<Add directory="/home/jaime/code/yedis/lib/zookeeper-client-c/generated"/>
				</Compiler>
				<MakeCommands>
					<Build command="/usr/bin/make -f &quot;/home/jaime/code/yedis/lib/zookeeper-client-c/Makefile&quot;  VERBOSE=1 load_gen"/>
					<CompileFile command="/usr/bin/make -f &quot;/home/jaime/code/yedis/lib/zookeeper-client-c/Makefile&quot;  VERBOSE=1 &quot;$file&quot;"/>
					<Clean command="/usr/bin/make -f &quot;/home/jaime/code/yedis/lib/zookeeper-client-c/Makefile&quot;  VERBOSE=1 clean"/>
					<DistClean command="/usr/bin/make -f &quot;/home/jaime/code/yedis/lib/zookeeper-client-c/Makefile&quot;  VERBOSE=1 clean"/>
				</MakeCommands>
			</Target>
			<Target title="load_gen/fast">
				<Option output="/home/jaime/code/yedis/lib/zookeeper-client-c/load_gen" prefix_auto="0" extension_auto="0"/>
				<Option working_dir="/home/jaime/code/yedis/lib/zookeeper-client-c"/>
				<Option object_output="./"/>
				<Option type="1"/>
				<Option compiler="gcc"/>
				<Compiler>
					<Add option="-DUSE_STATIC_LIB"/>
					<Add option="-DTHREADED"/>
					<Add directory="/home/jaime/code/yedis/lib/zookeeper-client-c/include"/>
					<Add directory="/home/jaime/code/yedis/lib/zookeeper-client-c/generated"/>
				</Compiler>
				<MakeCommands>
					<Build command="/usr/bin/make -f &quot;/home/jaime/code/yedis/lib/zookeeper-client-c/Makefile&quot;  VERBOSE=1 load_gen/fast"/>
					<CompileFile command="/usr/bin/make -f &quot;/home/jaime/code/yedis/lib/zookeeper-client-c/Makefile&quot;  VERBOSE=1 &quot;$file&quot;"/>
					<Clean command="/usr/bin/make -f &quot;/home/jaime/code/yedis/lib/zookeeper-client-c/Makefile&quot;  VERBOSE=1 clean"/>
					<DistClean command="/usr/bin/make -f &quot;/home/jaime/code/yedis/lib/zookeeper-client-c/Makefile&quot;  VERBOSE=1 clean"/>
				</MakeCommands>
			</Target>
		</Build>
		<Unit filename="/home/jaime/code/yedis/lib/zookeeper-client-c/generated/zookeeper.jute.c">
			<Option target="zookeeper"/>
		</Unit>
		<Unit filename="/home/jaime/code/yedis/lib/zookeeper-client-c/src/addrvec.c">
			<Option target="zookeeper"/>
		</Unit>
		<Unit filename="/home/jaime/code/yedis/lib/zookeeper-client-c/src/addrvec.h">
			<Option target="zookeeper"/>
		</Unit>
		<Unit filename="/home/jaime/code/yedis/lib/zookeeper-client-c/src/cli.c">
			<Option target="cli"/>
		</Unit>
		<Unit filename="/home/jaime/code/yedis/lib/zookeeper-client-c/src/hashtable/hashtable.c">
			<Option target="hashtable"/>
		</Unit>
		<Unit filename="/home/jaime/code/yedis/lib/zookeeper-client-c/src/hashtable/hashtable.h">
			<Option target="hashtable"/>
		</Unit>
		<Unit filename="/home/jaime/code/yedis/lib/zookeeper-client-c/src/hashtable/hashtable_itr.c">
			<Option target="hashtable"/>
		</Unit>
		<Unit filename="/home/jaime/code/yedis/lib/zookeeper-client-c/src/hashtable/hashtable_itr.h">
			<Option target="hashtable"/>
		</Unit>
		<Unit filename="/home/jaime/code/yedis/lib/zookeeper-client-c/src/load_gen.c">
			<Option target="load_gen"/>
		</Unit>
		<Unit filename="/home/jaime/code/yedis/lib/zookeeper-client-c/src/mt_adaptor.c">
			<Option target="zookeeper"/>
		</Unit>
		<Unit filename="/home/jaime/code/yedis/lib/zookeeper-client-c/src/recordio.c">
			<Option target="zookeeper"/>
		</Unit>
		<Unit filename="/home/jaime/code/yedis/lib/zookeeper-client-c/src/zk_hashtable.c">
			<Option target="zookeeper"/>
		</Unit>
		<Unit filename="/home/jaime/code/yedis/lib/zookeeper-client-c/src/zk_hashtable.h">
			<Option target="zookeeper"/>
		</Unit>
		<Unit filename="/home/jaime/code/yedis/lib/zookeeper-client-c/src/zk_log.c">
			<Option target="zookeeper"/>
		</Unit>
		<Unit filename="/home/jaime/code/yedis/lib/zookeeper-client-c/src/zookeeper.c">
			<Option target="zookeeper"/>
		</Unit>
		<Unit filename="/home/jaime/code/yedis/lib/zookeeper-client-c/CMakeLists.txt">
			<Option virtualFolder="CMake Files\"/>
		</Unit>
		<Unit filename="/home/jaime/code/yedis/lib/zookeeper-client-c/cmake_config.h.in">
			<Option virtualFolder="CMake Files\"/>
		</Unit>
	</Project>
</CodeBlocks_project_file>
